
Microsoft Visual Studio Solution File, Format Version 12.00
# Visual Studio 15
VisualStudioVersion = 15.0.28010.0
MinimumVisualStudioVersion = 10.0.40219.1
Project("{8BC9CEB8-8B4A-11D0-8D11-00A0C91BC942}") = "WeChatSDKCore", "WeChatResource.vcxproj", "{CC8544D5-1A6E-4515-B737-4DA205371032}"
EndProject
Project("{8BC9CEB8-8B4A-11D0-8D11-00A0C91BC942}") = "WeChatSDK", "..\WeChatSDK\WeChatSDK.vcxproj", "{3863B180-E079-4735-ABF7-13552EE0C3F1}"
EndProject
Project("{8BC9CEB8-8B4A-11D0-8D11-00A0C91BC942}") = "WeChatSDKTest", "..\WeChatSDKTest\WeChatSDKTest.vcxproj", "{00EC6E77-8926-4860-A73F-3E5DBBE6221B}"
EndProject
Global
	GlobalSection(SolutionConfigurationPlatforms) = preSolution
		Debug|x64 = Debug|x64
		Debug|x86 = Debug|x86
		Release|x64 = Release|x64
		Release|x86 = Release|x86
	EndGlobalSection
	GlobalSection(ProjectConfigurationPlatforms) = postSolution
		{CC8544D5-1A6E-4515-B737-4DA205371032}.Debug|x64.ActiveCfg = Debug|x64
		{CC8544D5-1A6E-4515-B737-4DA205371032}.Debug|x64.Build.0 = Debug|x64
		{CC8544D5-1A6E-4515-B737-4DA205371032}.Debug|x86.ActiveCfg = Debug|Win32
		{CC8544D5-1A6E-4515-B737-4DA205371032}.Debug|x86.Build.0 = Debug|Win32
		{CC8544D5-1A6E-4515-B737-4DA205371032}.Release|x64.ActiveCfg = Release|x64
		{CC8544D5-1A6E-4515-B737-4DA205371032}.Release|x64.Build.0 = Release|x64
		{CC8544D5-1A6E-4515-B737-4DA205371032}.Release|x86.ActiveCfg = Release|Win32
		{CC8544D5-1A6E-4515-B737-4DA205371032}.Release|x86.Build.0 = Release|Win32
		{3863B180-E079-4735-ABF7-13552EE0C3F1}.Debug|x64.ActiveCfg = Debug|x64
		{3863B180-E079-4735-ABF7-13552EE0C3F1}.Debug|x64.Build.0 = Debug|x64
		{3863B180-E079-4735-ABF7-13552EE0C3F1}.Debug|x86.ActiveCfg = Debug|Win32
		{3863B180-E079-4735-ABF7-13552EE0C3F1}.Debug|x86.Build.0 = Debug|Win32
		{3863B180-E079-4735-ABF7-13552EE0C3F1}.Release|x64.ActiveCfg = Release|x64
		{3863B180-E079-4735-ABF7-13552EE0C3F1}.Release|x64.Build.0 = Release|x64
		{3863B180-E079-4735-ABF7-13552EE0C3F1}.Release|x86.ActiveCfg = Release|Win32
		{3863B180-E079-4735-ABF7-13552EE0C3F1}.Release|x86.Build.0 = Release|Win32
		{00EC6E77-8926-4860-A73F-3E5DBBE6221B}.Debug|x64.ActiveCfg = Debug|x64
		{00EC6E77-8926-4860-A73F-3E5DBBE6221B}.Debug|x64.Build.0 = Debug|x64
		{00EC6E77-8926-4860-A73F-3E5DBBE6221B}.Debug|x86.ActiveCfg = Debug|Win32
		{00EC6E77-8926-4860-A73F-3E5DBBE6221B}.Debug|x86.Build.0 = Debug|Win32
		{00EC6E77-8926-4860-A73F-3E5DBBE6221B}.Release|x64.ActiveCfg = Release|x64
		{00EC6E77-8926-4860-A73F-3E5DBBE6221B}.Release|x64.Build.0 = Release|x64
		{00EC6E77-8926-4860-A73F-3E5DBBE6221B}.Release|x86.ActiveCfg = Release|Win32
		{00EC6E77-8926-4860-A73F-3E5DBBE6221B}.Release|x86.Build.0 = Release|Win32
	EndGlobalSection
	GlobalSection(SolutionProperties) = preSolution
		HideSolutionNode = FALSE
	EndGlobalSection
	GlobalSection(ExtensibilityGlobals) = postSolution
		SolutionGuid = {8690BB29-4D47-4F0C-B4BB-0F346773488A}
	EndGlobalSection
EndGlobal
