<?xml version="1.0" encoding="utf-8"?>
<Project ToolsVersion="4.0" xmlns="http://schemas.microsoft.com/developer/msbuild/2003">
  <ItemGroup>
    <Filter Include="源文件">
      <UniqueIdentifier>{4FC737F1-C7A5-4376-A066-2A32D752A2FF}</UniqueIdentifier>
      <Extensions>cpp;c;cc;cxx;def;odl;idl;hpj;bat;asm;asmx</Extensions>
    </Filter>
    <Filter Include="头文件">
      <UniqueIdentifier>{93995380-89BD-4b04-88EB-625FBE52EBFB}</UniqueIdentifier>
      <Extensions>h;hh;hpp;hxx;hm;inl;inc;ipp;xsd</Extensions>
    </Filter>
    <Filter Include="资源文件">
      <UniqueIdentifier>{67DA6AB6-F800-4c08-8B7A-83BB121AAD01}</UniqueIdentifier>
      <Extensions>rc;ico;cur;bmp;dlg;rc2;rct;bin;rgs;gif;jpg;jpeg;jpe;resx;tiff;tif;png;wav;mfcribbon-ms</Extensions>
    </Filter>
    <Filter Include="rpc">
      <UniqueIdentifier>{83ef953c-a900-4334-80a8-f68db0740031}</UniqueIdentifier>
    </Filter>
  </ItemGroup>
  <ItemGroup>
    <ClInclude Include="stdafx.h">
      <Filter>头文件</Filter>
    </ClInclude>
    <ClInclude Include="targetver.h">
      <Filter>头文件</Filter>
    </ClInclude>
    <ClInclude Include="util.h">
      <Filter>头文件</Filter>
    </ClInclude>
    <ClInclude Include="dllhijack.h">
      <Filter>头文件</Filter>
    </ClInclude>
    <ClInclude Include="version.h">
      <Filter>头文件</Filter>
    </ClInclude>
    <ClInclude Include="resource.h">
      <Filter>头文件</Filter>
    </ClInclude>
    <ClInclude Include="voice.h">
      <Filter>头文件</Filter>
    </ClInclude>
    <ClInclude Include="hook.h">
      <Filter>头文件</Filter>
    </ClInclude>
    <ClInclude Include="common.h">
      <Filter>头文件</Filter>
    </ClInclude>
    <ClInclude Include="config.h">
      <Filter>头文件</Filter>
    </ClInclude>
    <ClInclude Include="..\common\sdkinf.h">
      <Filter>头文件</Filter>
    </ClInclude>
    <ClInclude Include="weixin.h">
      <Filter>头文件</Filter>
    </ClInclude>
    <ClInclude Include="..\common\rpc.h">
      <Filter>rpc</Filter>
    </ClInclude>
    <ClInclude Include="..\common\rpcdef.h">
      <Filter>rpc</Filter>
    </ClInclude>
    <ClInclude Include="sdk.h">
      <Filter>头文件</Filter>
    </ClInclude>
    <ClInclude Include="rpcutil.h">
      <Filter>rpc</Filter>
    </ClInclude>
    <ClInclude Include="sdkclk_h.h">
      <Filter>rpc</Filter>
    </ClInclude>
    <ClInclude Include="sdkdef_h.h">
      <Filter>rpc</Filter>
    </ClInclude>
  </ItemGroup>
  <ItemGroup>
    <ClCompile Include="stdafx.cpp">
      <Filter>源文件</Filter>
    </ClCompile>
    <ClCompile Include="dllmain.cpp">
      <Filter>源文件</Filter>
    </ClCompile>
    <ClCompile Include="util.cpp">
      <Filter>源文件</Filter>
    </ClCompile>
    <ClCompile Include="dllhijack.cpp">
      <Filter>源文件</Filter>
    </ClCompile>
    <ClCompile Include="voice.cpp">
      <Filter>源文件</Filter>
    </ClCompile>
    <ClCompile Include="hook.cpp">
      <Filter>源文件</Filter>
    </ClCompile>
    <ClCompile Include="config.cpp">
      <Filter>源文件</Filter>
    </ClCompile>
    <ClCompile Include="common.cpp">
      <Filter>源文件</Filter>
    </ClCompile>
    <ClCompile Include="sdk.cpp">
      <Filter>源文件</Filter>
    </ClCompile>
    <ClCompile Include="sendmsg.cpp">
      <Filter>源文件</Filter>
    </ClCompile>
    <ClCompile Include="revoke.cpp">
      <Filter>源文件</Filter>
    </ClCompile>
    <ClCompile Include="recvmsg.cpp">
      <Filter>源文件</Filter>
    </ClCompile>
    <ClCompile Include="..\common\rpc.cpp">
      <Filter>rpc</Filter>
    </ClCompile>
    <ClCompile Include="rpcutil.cpp">
      <Filter>rpc</Filter>
    </ClCompile>
    <ClCompile Include="sdkclk_c.c">
      <Filter>rpc</Filter>
    </ClCompile>
    <ClCompile Include="sdkdef_s.c">
      <Filter>rpc</Filter>
    </ClCompile>
    <ClCompile Include="sdkclk.cpp">
      <Filter>源文件</Filter>
    </ClCompile>
    <ClCompile Include="user.cpp">
      <Filter>源文件</Filter>
    </ClCompile>
  </ItemGroup>
  <ItemGroup>
    <ResourceCompile Include="Resource.rc">
      <Filter>资源文件</Filter>
    </ResourceCompile>
  </ItemGroup>
  <ItemGroup>
    <None Include="def.def">
      <Filter>源文件</Filter>
    </None>
    <None Include="sdkclk.acf">
      <Filter>rpc</Filter>
    </None>
    <None Include="sdkdef.acf">
      <Filter>rpc</Filter>
    </None>
  </ItemGroup>
  <ItemGroup>
    <Midl Include="sdkclk.idl">
      <Filter>rpc</Filter>
    </Midl>
    <Midl Include="sdkdef.idl">
      <Filter>rpc</Filter>
    </Midl>
  </ItemGroup>
</Project>